// !$*UTF8*$!
{
	archiveVersion = 1;
	classes = {
	};
	objectVersion = 51;
	objects = {

/* Begin PBXBuildFile section */
		177F57F0232E4B4800356BE2 /* AppDelegate.swift in Sources */ = {isa = PBXBuildFile; fileRef = 177F57EF232E4B4800356BE2 /* AppDelegate.swift */; };
		177F57F2232E4B4800356BE2 /* ViewController.swift in Sources */ = {isa = PBXBuildFile; fileRef = 177F57F1232E4B4800356BE2 /* ViewController.swift */; };
		177F57F5232E4B4800356BE2 /* Main.storyboard in Resources */ = {isa = PBXBuildFile; fileRef = 177F57F3232E4B4800356BE2 /* Main.storyboard */; };
		177F57F7232E4B4A00356BE2 /* Assets.xcassets in Resources */ = {isa = PBXBuildFile; fileRef = 177F57F6232E4B4A00356BE2 /* Assets.xcassets */; };
		177F57FA232E4B4A00356BE2 /* LaunchScreen.storyboard in Resources */ = {isa = PBXBuildFile; fileRef = 177F57F8232E4B4A00356BE2 /* LaunchScreen.storyboard */; };
		177F580A232E4BDA00356BE2 /* MainTableViewViewController.swift in Sources */ = {isa = PBXBuildFile; fileRef = 177F5809232E4BDA00356BE2 /* MainTableViewViewController.swift */; };
		177F580C232E4C9600356BE2 /* Extensions.swift in Sources */ = {isa = PBXBuildFile; fileRef = 177F580B232E4C9600356BE2 /* Extensions.swift */; };
		177F580F232E4D0100356BE2 /* ParentListItemTableViewCell.swift in Sources */ = {isa = PBXBuildFile; fileRef = 177F580D232E4D0100356BE2 /* ParentListItemTableViewCell.swift */; };
		177F5810232E4D0100356BE2 /* ParentListItemTableViewCell.xib in Resources */ = {isa = PBXBuildFile; fileRef = 177F580E232E4D0100356BE2 /* ParentListItemTableViewCell.xib */; };
		177F5813232E4E4E00356BE2 /* ChildListItemTableViewCell.swift in Sources */ = {isa = PBXBuildFile; fileRef = 177F5811232E4E4E00356BE2 /* ChildListItemTableViewCell.swift */; };
		177F5814232E4E4E00356BE2 /* ChildListItemTableViewCell.xib in Resources */ = {isa = PBXBuildFile; fileRef = 177F5812232E4E4E00356BE2 /* ChildListItemTableViewCell.xib */; };
		177F5816232E538200356BE2 /* ChildVO.swift in Sources */ = {isa = PBXBuildFile; fileRef = 177F5815232E538200356BE2 /* ChildVO.swift */; };
		177F5818232E53D100356BE2 /* ParentVO.swift in Sources */ = {isa = PBXBuildFile; fileRef = 177F5817232E53D100356BE2 /* ParentVO.swift */; };
		17E108A123363A0A0064705A /* NetworkClient.swift in Sources */ = {isa = PBXBuildFile; fileRef = 17E108A023363A0A0064705A /* NetworkClient.swift */; };
		17E108A323363A300064705A /* SharedConstants.swift in Sources */ = {isa = PBXBuildFile; fileRef = 17E108A223363A300064705A /* SharedConstants.swift */; };
		17E108A523363A8D0064705A /* ParentModel.swift in Sources */ = {isa = PBXBuildFile; fileRef = 17E108A423363A8D0064705A /* ParentModel.swift */; };
		32E93F7B49B36E1EBDE7869E /* Pods_NestedTableView.framework in Frameworks */ = {isa = PBXBuildFile; fileRef = 6730E2D9F106BAF94F0DCDAC /* Pods_NestedTableView.framework */; };
/* End PBXBuildFile section */

/* Begin PBXFileReference section */
		177F57EC232E4B4800356BE2 /* NestedTableView.app */ = {isa = PBXFileReference; explicitFileType = wrapper.application; includeInIndex = 0; path = NestedTableView.app; sourceTree = BUILT_PRODUCTS_DIR; };
		177F57EF232E4B4800356BE2 /* AppDelegate.swift */ = {isa = PBXFileReference; lastKnownFileType = sourcecode.swift; path = AppDelegate.swift; sourceTree = "<group>"; };
		177F57F1232E4B4800356BE2 /* ViewController.swift */ = {isa = PBXFileReference; lastKnownFileType = sourcecode.swift; path = ViewController.swift; sourceTree = "<group>"; };
		177F57F4232E4B4800356BE2 /* Base */ = {isa = PBXFileReference; lastKnownFileType = file.storyboard; name = Base; path = Base.lproj/Main.storyboard; sourceTree = "<group>"; };
		177F57F6232E4B4A00356BE2 /* Assets.xcassets */ = {isa = PBXFileReference; lastKnownFileType = folder.assetcatalog; path = Assets.xcassets; sourceTree = "<group>"; };
		177F57F9232E4B4A00356BE2 /* Base */ = {isa = PBXFileReference; lastKnownFileType = file.storyboard; name = Base; path = Base.lproj/LaunchScreen.storyboard; sourceTree = "<group>"; };
		177F57FB232E4B4A00356BE2 /* Info.plist */ = {isa = PBXFileReference; lastKnownFileType = text.plist.xml; path = Info.plist; sourceTree = "<group>"; };
		177F5809232E4BDA00356BE2 /* MainTableViewViewController.swift */ = {isa = PBXFileReference; lastKnownFileType = sourcecode.swift; path = MainTableViewViewController.swift; sourceTree = "<group>"; };
		177F580B232E4C9600356BE2 /* Extensions.swift */ = {isa = PBXFileReference; lastKnownFileType = sourcecode.swift; path = Extensions.swift; sourceTree = "<group>"; };
		177F580D232E4D0100356BE2 /* ParentListItemTableViewCell.swift */ = {isa = PBXFileReference; lastKnownFileType = sourcecode.swift; path = ParentListItemTableViewCell.swift; sourceTree = "<group>"; };
		177F580E232E4D0100356BE2 /* ParentListItemTableViewCell.xib */ = {isa = PBXFileReference; lastKnownFileType = file.xib; path = ParentListItemTableViewCell.xib; sourceTree = "<group>"; };
		177F5811232E4E4E00356BE2 /* ChildListItemTableViewCell.swift */ = {isa = PBXFileReference; lastKnownFileType = sourcecode.swift; path = ChildListItemTableViewCell.swift; sourceTree = "<group>"; };
		177F5812232E4E4E00356BE2 /* ChildListItemTableViewCell.xib */ = {isa = PBXFileReference; lastKnownFileType = file.xib; path = ChildListItemTableViewCell.xib; sourceTree = "<group>"; };
		177F5815232E538200356BE2 /* ChildVO.swift */ = {isa = PBXFileReference; lastKnownFileType = sourcecode.swift; path = ChildVO.swift; sourceTree = "<group>"; };
		177F5817232E53D100356BE2 /* ParentVO.swift */ = {isa = PBXFileReference; lastKnownFileType = sourcecode.swift; path = ParentVO.swift; sourceTree = "<group>"; };
		17E108A023363A0A0064705A /* NetworkClient.swift */ = {isa = PBXFileReference; lastKnownFileType = sourcecode.swift; path = NetworkClient.swift; sourceTree = "<group>"; };
		17E108A223363A300064705A /* SharedConstants.swift */ = {isa = PBXFileReference; lastKnownFileType = sourcecode.swift; path = SharedConstants.swift; sourceTree = "<group>"; };
		17E108A423363A8D0064705A /* ParentModel.swift */ = {isa = PBXFileReference; lastKnownFileType = sourcecode.swift; path = ParentModel.swift; sourceTree = "<group>"; };
		2EE360387C5FBC5D1B0AA95C /* Pods-NestedTableView.release.xcconfig */ = {isa = PBXFileReference; includeInIndex = 1; lastKnownFileType = text.xcconfig; name = "Pods-NestedTableView.release.xcconfig"; path = "Target Support Files/Pods-NestedTableView/Pods-NestedTableView.release.xcconfig"; sourceTree = "<group>"; };
		6730E2D9F106BAF94F0DCDAC /* Pods_NestedTableView.framework */ = {isa = PBXFileReference; explicitFileType = wrapper.framework; includeInIndex = 0; path = Pods_NestedTableView.framework; sourceTree = BUILT_PRODUCTS_DIR; };
		96AFE8B5BBBAAA6946E83A3B /* Pods-NestedTableView.debug.xcconfig */ = {isa = PBXFileReference; includeInIndex = 1; lastKnownFileType = text.xcconfig; name = "Pods-NestedTableView.debug.xcconfig"; path = "Target Support Files/Pods-NestedTableView/Pods-NestedTableView.debug.xcconfig"; sourceTree = "<group>"; };
/* End PBXFileReference section */

/* Begin PBXFrameworksBuildPhase section */
		177F57E9232E4B4800356BE2 /* Frameworks */ = {
			isa = PBXFrameworksBuildPhase;
			buildActionMask = 2147483647;
			files = (
				32E93F7B49B36E1EBDE7869E /* Pods_NestedTableView.framework in Frameworks */,
			);
			runOnlyForDeploymentPostprocessing = 0;
		};
/* End PBXFrameworksBuildPhase section */

/* Begin PBXGroup section */
		177F57E3232E4B4800356BE2 = {
			isa = PBXGroup;
			children = (
				177F57EE232E4B4800356BE2 /* NestedTableView */,
				177F57ED232E4B4800356BE2 /* Products */,
				3813212A678666CB4CD25C0C /* Pods */,
				6356A0175F84BEBADDB0C998 /* Frameworks */,
			);
			sourceTree = "<group>";
		};
		177F57ED232E4B4800356BE2 /* Products */ = {
			isa = PBXGroup;
			children = (
				177F57EC232E4B4800356BE2 /* NestedTableView.app */,
			);
			name = Products;
			sourceTree = "<group>";
		};
		177F57EE232E4B4800356BE2 /* NestedTableView */ = {
			isa = PBXGroup;
			children = (
				17E1089F233639F70064705A /* NetworkClients */,
				177F5819232E541200356BE2 /* model */,
				177F5808232E4B9E00356BE2 /* components */,
				177F5807232E4B9900356BE2 /* utils */,
				177F5806232E4B9500356BE2 /* vos */,
				177F5803232E4B8200356BE2 /* cells */,
				177F5802232E4B7C00356BE2 /* viewcontrollers */,
				177F5801232E4B7700356BE2 /* storyboards */,
				177F57EF232E4B4800356BE2 /* AppDelegate.swift */,
				177F57F6232E4B4A00356BE2 /* Assets.xcassets */,
				177F57F8232E4B4A00356BE2 /* LaunchScreen.storyboard */,
				177F57FB232E4B4A00356BE2 /* Info.plist */,
			);
			path = NestedTableView;
			sourceTree = "<group>";
		};
		177F5801232E4B7700356BE2 /* storyboards */ = {
			isa = PBXGroup;
			children = (
				177F57F3232E4B4800356BE2 /* Main.storyboard */,
			);
			path = storyboards;
			sourceTree = "<group>";
		};
		177F5802232E4B7C00356BE2 /* viewcontrollers */ = {
			isa = PBXGroup;
			children = (
				177F57F1232E4B4800356BE2 /* ViewController.swift */,
				177F5809232E4BDA00356BE2 /* MainTableViewViewController.swift */,
			);
			path = viewcontrollers;
			sourceTree = "<group>";
		};
		177F5803232E4B8200356BE2 /* cells */ = {
			isa = PBXGroup;
			children = (
				177F5805232E4B8F00356BE2 /* xibs */,
				177F5804232E4B8800356BE2 /* swifts */,
			);
			path = cells;
			sourceTree = "<group>";
		};
		177F5804232E4B8800356BE2 /* swifts */ = {
			isa = PBXGroup;
			children = (
				177F580D232E4D0100356BE2 /* ParentListItemTableViewCell.swift */,
				177F5811232E4E4E00356BE2 /* ChildListItemTableViewCell.swift */,
			);
			path = swifts;
			sourceTree = "<group>";
		};
		177F5805232E4B8F00356BE2 /* xibs */ = {
			isa = PBXGroup;
			children = (
				177F580E232E4D0100356BE2 /* ParentListItemTableViewCell.xib */,
				177F5812232E4E4E00356BE2 /* ChildListItemTableViewCell.xib */,
			);
			path = xibs;
			sourceTree = "<group>";
		};
		177F5806232E4B9500356BE2 /* vos */ = {
			isa = PBXGroup;
			children = (
				177F5815232E538200356BE2 /* ChildVO.swift */,
				177F5817232E53D100356BE2 /* ParentVO.swift */,
			);
			path = vos;
			sourceTree = "<group>";
		};
		177F5807232E4B9900356BE2 /* utils */ = {
			isa = PBXGroup;
			children = (
				177F580B232E4C9600356BE2 /* Extensions.swift */,
				17E108A223363A300064705A /* SharedConstants.swift */,
			);
			path = utils;
			sourceTree = "<group>";
		};
		177F5808232E4B9E00356BE2 /* components */ = {
			isa = PBXGroup;
			children = (
			);
			path = components;
			sourceTree = "<group>";
		};
		177F5819232E541200356BE2 /* model */ = {
			isa = PBXGroup;
			children = (
				17E108A423363A8D0064705A /* ParentModel.swift */,
			);
			path = model;
			sourceTree = "<group>";
		};
		17E1089F233639F70064705A /* NetworkClients */ = {
			isa = PBXGroup;
			children = (
				17E108A023363A0A0064705A /* NetworkClient.swift */,
			);
			path = NetworkClients;
			sourceTree = "<group>";
		};
		3813212A678666CB4CD25C0C /* Pods */ = {
			isa = PBXGroup;
			children = (
				96AFE8B5BBBAAA6946E83A3B /* Pods-NestedTableView.debug.xcconfig */,
				2EE360387C5FBC5D1B0AA95C /* Pods-NestedTableView.release.xcconfig */,
			);
			path = Pods;
			sourceTree = "<group>";
		};
		6356A0175F84BEBADDB0C998 /* Frameworks */ = {
			isa = PBXGroup;
			children = (
				6730E2D9F106BAF94F0DCDAC /* Pods_NestedTableView.framework */,
			);
			name = Frameworks;
			sourceTree = "<group>";
		};
/* End PBXGroup section */

/* Begin PBXNativeTarget section */
		177F57EB232E4B4800356BE2 /* NestedTableView */ = {
			isa = PBXNativeTarget;
			buildConfigurationList = 177F57FE232E4B4A00356BE2 /* Build configuration list for PBXNativeTarget "NestedTableView" */;
			buildPhases = (
				1F3CBA5B0E38E4F8AD20B979 /* [CP] Check Pods Manifest.lock */,
				177F57E8232E4B4800356BE2 /* Sources */,
				177F57E9232E4B4800356BE2 /* Frameworks */,
				177F57EA232E4B4800356BE2 /* Resources */,
				0F9B5A104143769ABFE120F8 /* [CP] Embed Pods Frameworks */,
			);
			buildRules = (
			);
			dependencies = (
			);
			name = NestedTableView;
			productName = NestedTableView;
			productReference = 177F57EC232E4B4800356BE2 /* NestedTableView.app */;
			productType = "com.apple.product-type.application";
		};
/* End PBXNativeTarget section */

/* Begin PBXProject section */
		177F57E4232E4B4800356BE2 /* Project object */ = {
			isa = PBXProject;
			attributes = {
				LastSwiftUpdateCheck = 1030;
				LastUpgradeCheck = 1030;
				ORGANIZATIONNAME = swp;
				TargetAttributes = {
					177F57EB232E4B4800356BE2 = {
						CreatedOnToolsVersion = 10.3;
					};
				};
			};
			buildConfigurationList = 177F57E7232E4B4800356BE2 /* Build configuration list for PBXProject "NestedTableView" */;
			compatibilityVersion = "Xcode 9.3";
			developmentRegion = en;
			hasScannedForEncodings = 0;
			knownRegions = (
				en,
				Base,
			);
			mainGroup = 177F57E3232E4B4800356BE2;
			productRefGroup = 177F57ED232E4B4800356BE2 /* Products */;
			projectDirPath = "";
			projectRoot = "";
			targets = (
				177F57EB232E4B4800356BE2 /* NestedTableView */,
			);
		};
/* End PBXProject section */

/* Begin PBXResourcesBuildPhase section */
		177F57EA232E4B4800356BE2 /* Resources */ = {
			isa = PBXResourcesBuildPhase;
			buildActionMask = 2147483647;
			files = (
				177F5810232E4D0100356BE2 /* ParentListItemTableViewCell.xib in Resources */,
				177F57FA232E4B4A00356BE2 /* LaunchScreen.storyboard in Resources */,
				177F57F7232E4B4A00356BE2 /* Assets.xcassets in Resources */,
				177F5814232E4E4E00356BE2 /* ChildListItemTableViewCell.xib in Resources */,
				177F57F5232E4B4800356BE2 /* Main.storyboard in Resources */,
			);
			runOnlyForDeploymentPostprocessing = 0;
		};
/* End PBXResourcesBuildPhase section */

/* Begin PBXShellScriptBuildPhase section */
		0F9B5A104143769ABFE120F8 /* [CP] Embed Pods Frameworks */ = {
			isa = PBXShellScriptBuildPhase;
			buildActionMask = 2147483647;
			files = (
			);
			inputFileListPaths = (
				"${PODS_ROOT}/Target Support Files/Pods-NestedTableView/Pods-NestedTableView-frameworks-${CONFIGURATION}-input-files.xcfilelist",
			);
			name = "[CP] Embed Pods Frameworks";
			outputFileListPaths = (
				"${PODS_ROOT}/Target Support Files/Pods-NestedTableView/Pods-NestedTableView-frameworks-${CONFIGURATION}-output-files.xcfilelist",
			);
			runOnlyForDeploymentPostprocessing = 0;
			shellPath = /bin/sh;
			shellScript = "\"${PODS_ROOT}/Target Support Files/Pods-NestedTableView/Pods-NestedTableView-frameworks.sh\"\n";
			showEnvVarsInLog = 0;
		};
		1F3CBA5B0E38E4F8AD20B979 /* [CP] Check Pods Manifest.lock */ = {
			isa = PBXShellScriptBuildPhase;
			buildActionMask = 2147483647;
			files = (
			);
			inputFileListPaths = (
			);
			inputPaths = (
				"${PODS_PODFILE_DIR_PATH}/Podfile.lock",
				"${PODS_ROOT}/Manifest.lock",
			);
			name = "[CP] Check Pods Manifest.lock";
			outputFileListPaths = (
			);
			outputPaths = (
				"$(DERIVED_FILE_DIR)/Pods-NestedTableView-checkManifestLockResult.txt",
			);
			runOnlyForDeploymentPostprocessing = 0;
			shellPath = /bin/sh;
			shellScript = "diff \"${PODS_PODFILE_DIR_PATH}/Podfile.lock\" \"${PODS_ROOT}/Manifest.lock\" > /dev/null\nif [ $? != 0 ] ; then\n    # print error to STDERR\n    echo \"error: The sandbox is not in sync with the Podfile.lock. Run 'pod install' or update your CocoaPods installation.\" >&2\n    exit 1\nfi\n# This output is used by Xcode 'outputs' to avoid re-running this script phase.\necho \"SUCCESS\" > \"${SCRIPT_OUTPUT_FILE_0}\"\n";
			showEnvVarsInLog = 0;
		};
/* End PBXShellScriptBuildPhase section */

/* Begin PBXSourcesBuildPhase section */
		177F57E8232E4B4800356BE2 /* Sources */ = {
			isa = PBXSourcesBuildPhase;
			buildActionMask = 2147483647;
			files = (
				177F5818232E53D100356BE2 /* ParentVO.swift in Sources */,
				177F57F2232E4B4800356BE2 /* ViewController.swift in Sources */,
				177F5816232E538200356BE2 /* ChildVO.swift in Sources */,
				177F580A232E4BDA00356BE2 /* MainTableViewViewController.swift in Sources */,
				17E108A523363A8D0064705A /* ParentModel.swift in Sources */,
				177F5813232E4E4E00356BE2 /* ChildListItemTableViewCell.swift in Sources */,
				17E108A123363A0A0064705A /* NetworkClient.swift in Sources */,
				17E108A323363A300064705A /* SharedConstants.swift in Sources */,
				177F580F232E4D0100356BE2 /* ParentListItemTableViewCell.swift in Sources */,
				177F57F0232E4B4800356BE2 /* AppDelegate.swift in Sources */,
				177F580C232E4C9600356BE2 /* Extensions.swift in Sources */,
			);
			runOnlyForDeploymentPostprocessing = 0;
		};
/* End PBXSourcesBuildPhase section */

/* Begin PBXVariantGroup section */
		177F57F3232E4B4800356BE2 /* Main.storyboard */ = {
			isa = PBXVariantGroup;
			children = (
				177F57F4232E4B4800356BE2 /* Base */,
			);
			name = Main.storyboard;
			sourceTree = "<group>";
		};
		177F57F8232E4B4A00356BE2 /* LaunchScreen.storyboard */ = {
			isa = PBXVariantGroup;
			children = (
				177F57F9232E4B4A00356BE2 /* Base */,
			);
			name = LaunchScreen.storyboard;
			sourceTree = "<group>";
		};
/* End PBXVariantGroup section */

/* Begin XCBuildConfiguration section */
		177F57FC232E4B4A00356BE2 /* Debug */ = {
			isa = XCBuildConfiguration;
			buildSettings = {
				ALWAYS_SEARCH_USER_PATHS = NO;
				CLANG_ANALYZER_NONNULL = YES;
				CLANG_ANALYZER_NUMBER_OBJECT_CONVERSION = YES_AGGRESSIVE;
				CLANG_CXX_LANGUAGE_STANDARD = "gnu++14";
				CLANG_CXX_LIBRARY = "libc++";
				CLANG_ENABLE_MODULES = YES;
				CLANG_ENABLE_OBJC_ARC = YES;
				CLANG_ENABLE_OBJC_WEAK = YES;
				CLANG_WARN_BLOCK_CAPTURE_AUTORELEASING = YES;
				CLANG_WARN_BOOL_CONVERSION = YES;
				CLANG_WARN_COMMA = YES;
				CLANG_WARN_CONSTANT_CONVERSION = YES;
				CLANG_WARN_DEPRECATED_OBJC_IMPLEMENTATIONS = YES;
				CLANG_WARN_DIRECT_OBJC_ISA_USAGE = YES_ERROR;
				CLANG_WARN_DOCUMENTATION_COMMENTS = YES;
				CLANG_WARN_EMPTY_BODY = YES;
				CLANG_WARN_ENUM_CONVERSION = YES;
				CLANG_WARN_INFINITE_RECURSION = YES;
				CLANG_WARN_INT_CONVERSION = YES;
				CLANG_WARN_NON_LITERAL_NULL_CONVERSION = YES;
				CLANG_WARN_OBJC_IMPLICIT_RETAIN_SELF = YES;
				CLANG_WARN_OBJC_LITERAL_CONVERSION = YES;
				CLANG_WARN_OBJC_ROOT_CLASS = YES_ERROR;
				CLANG_WARN_RANGE_LOOP_ANALYSIS = YES;
				CLANG_WARN_STRICT_PROTOTYPES = YES;
				CLANG_WARN_SUSPICIOUS_MOVE = YES;
				CLANG_WARN_UNGUARDED_AVAILABILITY = YES_AGGRESSIVE;
				CLANG_WARN_UNREACHABLE_CODE = YES;
				CLANG_WARN__DUPLICATE_METHOD_MATCH = YES;
				CODE_SIGN_IDENTITY = "iPhone Developer";
				COPY_PHASE_STRIP = NO;
				DEBUG_INFORMATION_FORMAT = dwarf;
				ENABLE_STRICT_OBJC_MSGSEND = YES;
				ENABLE_TESTABILITY = YES;
				GCC_C_LANGUAGE_STANDARD = gnu11;
				GCC_DYNAMIC_NO_PIC = NO;
				GCC_NO_COMMON_BLOCKS = YES;
				GCC_OPTIMIZATION_LEVEL = 0;
				GCC_PREPROCESSOR_DEFINITIONS = (
					"DEBUG=1",
					"$(inherited)",
				);
				GCC_WARN_64_TO_32_BIT_CONVERSION = YES;
				GCC_WARN_ABOUT_RETURN_TYPE = YES_ERROR;
				GCC_WARN_UNDECLARED_SELECTOR = YES;
				GCC_WARN_UNINITIALIZED_AUTOS = YES_AGGRESSIVE;
				GCC_WARN_UNUSED_FUNCTION = YES;
				GCC_WARN_UNUSED_VARIABLE = YES;
				IPHONEOS_DEPLOYMENT_TARGET = 12.4;
				MTL_ENABLE_DEBUG_INFO = INCLUDE_SOURCE;
				MTL_FAST_MATH = YES;
				ONLY_ACTIVE_ARCH = YES;
				SDKROOT = iphoneos;
				SWIFT_ACTIVE_COMPILATION_CONDITIONS = DEBUG;
				SWIFT_OPTIMIZATION_LEVEL = "-Onone";
			};
			name = Debug;
		};
		177F57FD232E4B4A00356BE2 /* Release */ = {
			isa = XCBuildConfiguration;
			buildSettings = {
				ALWAYS_SEARCH_USER_PATHS = NO;
				CLANG_ANALYZER_NONNULL = YES;
				CLANG_ANALYZER_NUMBER_OBJECT_CONVERSION = YES_AGGRESSIVE;
				CLANG_CXX_LANGUAGE_STANDARD = "gnu++14";
				CLANG_CXX_LIBRARY = "libc++";
				CLANG_ENABLE_MODULES = YES;
				CLANG_ENABLE_OBJC_ARC = YES;
				CLANG_ENABLE_OBJC_WEAK = YES;
				CLANG_WARN_BLOCK_CAPTURE_AUTORELEASING = YES;
				CLANG_WARN_BOOL_CONVERSION = YES;
				CLANG_WARN_COMMA = YES;
				CLANG_WARN_CONSTANT_CONVERSION = YES;
				CLANG_WARN_DEPRECATED_OBJC_IMPLEMENTATIONS = YES;
				CLANG_WARN_DIRECT_OBJC_ISA_USAGE = YES_ERROR;
				CLANG_WARN_DOCUMENTATION_COMMENTS = YES;
				CLANG_WARN_EMPTY_BODY = YES;
				CLANG_WARN_ENUM_CONVERSION = YES;
				CLANG_WARN_INFINITE_RECURSION = YES;
				CLANG_WARN_INT_CONVERSION = YES;
				CLANG_WARN_NON_LITERAL_NULL_CONVERSION = YES;
				CLANG_WARN_OBJC_IMPLICIT_RETAIN_SELF = YES;
				CLANG_WARN_OBJC_LITERAL_CONVERSION = YES;
				CLANG_WARN_OBJC_ROOT_CLASS = YES_ERROR;
				CLANG_WARN_RANGE_LOOP_ANALYSIS = YES;
				CLANG_WARN_STRICT_PROTOTYPES = YES;
				CLANG_WARN_SUSPICIOUS_MOVE = YES;
				CLANG_WARN_UNGUARDED_AVAILABILITY = YES_AGGRESSIVE;
				CLANG_WARN_UNREACHABLE_CODE = YES;
				CLANG_WARN__DUPLICATE_METHOD_MATCH = YES;
				CODE_SIGN_IDENTITY = "iPhone Developer";
				COPY_PHASE_STRIP = NO;
				DEBUG_INFORMATION_FORMAT = "dwarf-with-dsym";
				ENABLE_NS_ASSERTIONS = NO;
				ENABLE_STRICT_OBJC_MSGSEND = YES;
				GCC_C_LANGUAGE_STANDARD = gnu11;
				GCC_NO_COMMON_BLOCKS = YES;
				GCC_WARN_64_TO_32_BIT_CONVERSION = YES;
				GCC_WARN_ABOUT_RETURN_TYPE = YES_ERROR;
				GCC_WARN_UNDECLARED_SELECTOR = YES;
				GCC_WARN_UNINITIALIZED_AUTOS = YES_AGGRESSIVE;
				GCC_WARN_UNUSED_FUNCTION = YES;
				GCC_WARN_UNUSED_VARIABLE = YES;
				IPHONEOS_DEPLOYMENT_TARGET = 12.4;
				MTL_ENABLE_DEBUG_INFO = NO;
				MTL_FAST_MATH = YES;
				SDKROOT = iphoneos;
				SWIFT_COMPILATION_MODE = wholemodule;
				SWIFT_OPTIMIZATION_LEVEL = "-O";
				VALIDATE_PRODUCT = YES;
			};
			name = Release;
		};
		177F57FF232E4B4A00356BE2 /* Debug */ = {
			isa = XCBuildConfiguration;
			baseConfigurationReference = 96AFE8B5BBBAAA6946E83A3B /* Pods-NestedTableView.debug.xcconfig */;
			buildSettings = {
				ASSETCATALOG_COMPILER_APPICON_NAME = AppIcon;
				CODE_SIGN_STYLE = Automatic;
				INFOPLIST_FILE = NestedTableView/Info.plist;
				LD_RUNPATH_SEARCH_PATHS = (
					"$(inherited)",
					"@executable_path/Frameworks",
				);
				PRODUCT_BUNDLE_IDENTIFIER = com.swp.NestedTableView;
				PRODUCT_NAME = "$(TARGET_NAME)";
				SWIFT_VERSION = 5.0;
				TARGETED_DEVICE_FAMILY = "1,2";
			};
			name = Debug;
		};
		177F5800232E4B4A00356BE2 /* Release */ = {
			isa = XCBuildConfiguration;
			baseConfigurationReference = 2EE360387C5FBC5D1B0AA95C /* Pods-NestedTableView.release.xcconfig */;
			buildSettings = {
				ASSETCATALOG_COMPILER_APPICON_NAME = AppIcon;
				CODE_SIGN_STYLE = Automatic;
				INFOPLIST_FILE = NestedTableView/Info.plist;
				LD_RUNPATH_SEARCH_PATHS = (
					"$(inherited)",
					"@executable_path/Frameworks",
				);
				PRODUCT_BUNDLE_IDENTIFIER = com.swp.NestedTableView;
				PRODUCT_NAME = "$(TARGET_NAME)";
				SWIFT_VERSION = 5.0;
				TARGETED_DEVICE_FAMILY = "1,2";
			};
			name = Release;
		};
/* End XCBuildConfiguration section */

/* Begin XCConfigurationList section */
		177F57E7232E4B4800356BE2 /* Build configuration list for PBXProject "NestedTableView" */ = {
			isa = XCConfigurationList;
			buildConfigurations = (
				177F57FC232E4B4A00356BE2 /* Debug */,
				177F57FD232E4B4A00356BE2 /* Release */,
			);
			defaultConfigurationIsVisible = 0;
			defaultConfigurationName = Release;
		};
		177F57FE232E4B4A00356BE2 /* Build configuration list for PBXNativeTarget "NestedTableView" */ = {
			isa = XCConfigurationList;
			buildConfigurations = (
				177F57FF232E4B4A00356BE2 /* Debug */,
				177F5800232E4B4A00356BE2 /* Release */,
			);
			defaultConfigurationIsVisible = 0;
			defaultConfigurationName = Release;
		};
/* End XCConfigurationList section */
	};
	rootObject = 177F57E4232E4B4800356BE2 /* Project object */;
}
